// !$*UTF8*$!
{
	archiveVersion = 1;
	classes = {
	};
	objectVersion = 56;
	objects = {

/* Begin PBXBuildFile section */
		2056865A2AEB24940020D729 /* AppDelegate.swift in Sources */ = {isa = PBXBuildFile; fileRef = 205686592AEB24940020D729 /* AppDelegate.swift */; };
		2056865C2AEB24940020D729 /* SceneDelegate.swift in Sources */ = {isa = PBXBuildFile; fileRef = 2056865B2AEB24940020D729 /* SceneDelegate.swift */; };
		2056865E2AEB24940020D729 /* HomeViewController.swift in Sources */ = {isa = PBXBuildFile; fileRef = 2056865D2AEB24940020D729 /* HomeViewController.swift */; };
		205686632AEB24950020D729 /* Assets.xcassets in Resources */ = {isa = PBXBuildFile; fileRef = 205686622AEB24950020D729 /* Assets.xcassets */; };
		205686662AEB24950020D729 /* LaunchScreen.storyboard in Resources */ = {isa = PBXBuildFile; fileRef = 205686642AEB24950020D729 /* LaunchScreen.storyboard */; };
/* End PBXBuildFile section */

/* Begin PBXFileReference section */
		205686562AEB24940020D729 /* Reviewer.app */ = {isa = PBXFileReference; explicitFileType = wrapper.application; includeInIndex = 0; path = Reviewer.app; sourceTree = BUILT_PRODUCTS_DIR; };
		205686592AEB24940020D729 /* AppDelegate.swift */ = {isa = PBXFileReference; lastKnownFileType = sourcecode.swift; path = AppDelegate.swift; sourceTree = "<group>"; };
		2056865B2AEB24940020D729 /* SceneDelegate.swift */ = {isa = PBXFileReference; lastKnownFileType = sourcecode.swift; path = SceneDelegate.swift; sourceTree = "<group>"; };
		2056865D2AEB24940020D729 /* HomeViewController.swift */ = {isa = PBXFileReference; lastKnownFileType = sourcecode.swift; path = HomeViewController.swift; sourceTree = "<group>"; };
		205686622AEB24950020D729 /* Assets.xcassets */ = {isa = PBXFileReference; lastKnownFileType = folder.assetcatalog; path = Assets.xcassets; sourceTree = "<group>"; };
		205686652AEB24950020D729 /* Base */ = {isa = PBXFileReference; lastKnownFileType = file.storyboard; name = Base; path = Base.lproj/LaunchScreen.storyboard; sourceTree = "<group>"; };
		205686672AEB24950020D729 /* Info.plist */ = {isa = PBXFileReference; lastKnownFileType = text.plist.xml; path = Info.plist; sourceTree = "<group>"; };
/* End PBXFileReference section */

/* Begin PBXFrameworksBuildPhase section */
		205686532AEB24940020D729 /* Frameworks */ = {
			isa = PBXFrameworksBuildPhase;
			buildActionMask = 2147483647;
			files = (
			);
			runOnlyForDeploymentPostprocessing = 0;
		};
/* End PBXFrameworksBuildPhase section */

/* Begin PBXGroup section */
		2056864D2AEB24940020D729 = {
			isa = PBXGroup;
			children = (
				205686582AEB24940020D729 /* Reviewer */,
				205686572AEB24940020D729 /* Products */,
			);
			sourceTree = "<group>";
		};
		205686572AEB24940020D729 /* Products */ = {
			isa = PBXGroup;
			children = (
				205686562AEB24940020D729 /* Reviewer.app */,
			);
			name = Products;
			sourceTree = "<group>";
		};
		205686582AEB24940020D729 /* Reviewer */ = {
			isa = PBXGroup;
			children = (
				2056866D2AEB38780020D729 /* App */,
				205686672AEB24950020D729 /* Info.plist */,
			);
			path = Reviewer;
			sourceTree = "<group>";
		};
		2056866D2AEB38780020D729 /* App */ = {
			isa = PBXGroup;
			children = (
				205686732AEB39300020D729 /* Storage */,
				205686722AEB391A0020D729 /* Resources */,
				205686712AEB39010020D729 /* Networking */,
				205686702AEB38E80020D729 /* Common */,
				2056866F2AEB38CF0020D729 /* Modules */,
				2056866E2AEB38AC0020D729 /* CompositionRoot */,
			);
			path = App;
			sourceTree = "<group>";
		};
		2056866E2AEB38AC0020D729 /* CompositionRoot */ = {
			isa = PBXGroup;
			children = (
				205686872AEB3CEE0020D729 /* System */,
				205686852AEB3BAB0020D729 /* DIContainer */,
				205686842AEB3B900020D729 /* Factories */,
				205686812AEB3B4E0020D729 /* Coordinator */,
			);
			path = CompositionRoot;
			sourceTree = "<group>";
		};
		2056866F2AEB38CF0020D729 /* Modules */ = {
			isa = PBXGroup;
			children = (
				205686862AEB3C0F0020D729 /* LauchScreen */,
				205686762AEB39A00020D729 /* Coworker */,
				205686752AEB398E0020D729 /* Team */,
				205686742AEB39580020D729 /* Home */,
			);
			path = Modules;
			sourceTree = "<group>";
		};
		205686702AEB38E80020D729 /* Common */ = {
			isa = PBXGroup;
			children = (
				205686802AEB3B010020D729 /* Localize */,
				2056867F2AEB3AEA0020D729 /* StateController */,
				2056867E2AEB3AD30020D729 /* Utils */,
				2056867A2AEB3A720020D729 /* Layers */,
				205686782AEB3A260020D729 /* Constants */,
				205686772AEB3A1B0020D729 /* Extensions */,
			);
			path = Common;
			sourceTree = "<group>";
		};
		205686712AEB39010020D729 /* Networking */ = {
			isa = PBXGroup;
			children = (
			);
			path = Networking;
			sourceTree = "<group>";
		};
		205686722AEB391A0020D729 /* Resources */ = {
			isa = PBXGroup;
			children = (
				205686622AEB24950020D729 /* Assets.xcassets */,
			);
			path = Resources;
			sourceTree = "<group>";
		};
		205686732AEB39300020D729 /* Storage */ = {
			isa = PBXGroup;
			children = (
			);
			path = Storage;
			sourceTree = "<group>";
		};
		205686742AEB39580020D729 /* Home */ = {
			isa = PBXGroup;
			children = (
				2056865D2AEB24940020D729 /* HomeViewController.swift */,
			);
			path = Home;
			sourceTree = "<group>";
		};
		205686752AEB398E0020D729 /* Team */ = {
			isa = PBXGroup;
			children = (
			);
			path = Team;
			sourceTree = "<group>";
		};
		205686762AEB39A00020D729 /* Coworker */ = {
			isa = PBXGroup;
			children = (
			);
			path = Coworker;
			sourceTree = "<group>";
		};
		205686772AEB3A1B0020D729 /* Extensions */ = {
			isa = PBXGroup;
			children = (
			);
			path = Extensions;
			sourceTree = "<group>";
		};
		205686782AEB3A260020D729 /* Constants */ = {
			isa = PBXGroup;
			children = (
			);
			path = Constants;
			sourceTree = "<group>";
		};
		205686792AEB3A470020D729 /* Components */ = {
			isa = PBXGroup;
			children = (
			);
			path = Components;
			sourceTree = "<group>";
		};
		2056867A2AEB3A720020D729 /* Layers */ = {
			isa = PBXGroup;
			children = (
				2056867B2AEB3A7A0020D729 /* Data */,
				2056867C2AEB3A810020D729 /* Domain */,
				2056867D2AEB3A8B0020D729 /* Presentantion */,
			);
			path = Layers;
			sourceTree = "<group>";
		};
		2056867B2AEB3A7A0020D729 /* Data */ = {
			isa = PBXGroup;
			children = (
			);
			path = Data;
			sourceTree = "<group>";
		};
		2056867C2AEB3A810020D729 /* Domain */ = {
			isa = PBXGroup;
			children = (
			);
			path = Domain;
			sourceTree = "<group>";
		};
		2056867D2AEB3A8B0020D729 /* Presentantion */ = {
			isa = PBXGroup;
			children = (
				205686792AEB3A470020D729 /* Components */,
			);
			path = Presentantion;
			sourceTree = "<group>";
		};
		2056867E2AEB3AD30020D729 /* Utils */ = {
			isa = PBXGroup;
			children = (
			);
			path = Utils;
			sourceTree = "<group>";
		};
		2056867F2AEB3AEA0020D729 /* StateController */ = {
			isa = PBXGroup;
			children = (
			);
			path = StateController;
			sourceTree = "<group>";
		};
		205686802AEB3B010020D729 /* Localize */ = {
			isa = PBXGroup;
			children = (
			);
			path = Localize;
			sourceTree = "<group>";
		};
		205686812AEB3B4E0020D729 /* Coordinator */ = {
			isa = PBXGroup;
			children = (
				205686832AEB3B720020D729 /* CoordinatorScreen */,
				205686822AEB3B560020D729 /* Utils */,
			);
			path = Coordinator;
			sourceTree = "<group>";
		};
		205686822AEB3B560020D729 /* Utils */ = {
			isa = PBXGroup;
			children = (
			);
			path = Utils;
			sourceTree = "<group>";
		};
		205686832AEB3B720020D729 /* CoordinatorScreen */ = {
			isa = PBXGroup;
			children = (
			);
			path = CoordinatorScreen;
			sourceTree = "<group>";
		};
		205686842AEB3B900020D729 /* Factories */ = {
			isa = PBXGroup;
			children = (
			);
			path = Factories;
			sourceTree = "<group>";
		};
		205686852AEB3BAB0020D729 /* DIContainer */ = {
			isa = PBXGroup;
			children = (
			);
			path = DIContainer;
			sourceTree = "<group>";
		};
		205686862AEB3C0F0020D729 /* LauchScreen */ = {
			isa = PBXGroup;
			children = (
				205686642AEB24950020D729 /* LaunchScreen.storyboard */,
			);
			path = LauchScreen;
			sourceTree = "<group>";
		};
		205686872AEB3CEE0020D729 /* System */ = {
			isa = PBXGroup;
			children = (
				2056865B2AEB24940020D729 /* SceneDelegate.swift */,
				205686592AEB24940020D729 /* AppDelegate.swift */,
			);
			path = System;
			sourceTree = "<group>";
		};
/* End PBXGroup section */

/* Begin PBXNativeTarget section */
		205686552AEB24940020D729 /* Reviewer */ = {
			isa = PBXNativeTarget;
			buildConfigurationList = 2056866A2AEB24950020D729 /* Build configuration list for PBXNativeTarget "Reviewer" */;
			buildPhases = (
				205686522AEB24940020D729 /* Sources */,
				205686532AEB24940020D729 /* Frameworks */,
				205686542AEB24940020D729 /* Resources */,
			);
			buildRules = (
			);
			dependencies = (
			);
			name = Reviewer;
			productName = Reviewer;
			productReference = 205686562AEB24940020D729 /* Reviewer.app */;
			productType = "com.apple.product-type.application";
		};
/* End PBXNativeTarget section */

/* Begin PBXProject section */
		2056864E2AEB24940020D729 /* Project object */ = {
			isa = PBXProject;
			attributes = {
				BuildIndependentTargetsInParallel = 1;
				LastSwiftUpdateCheck = 1500;
				LastUpgradeCheck = 1500;
				TargetAttributes = {
					205686552AEB24940020D729 = {
						CreatedOnToolsVersion = 15.0;
					};
				};
			};
			buildConfigurationList = 205686512AEB24940020D729 /* Build configuration list for PBXProject "Reviewer" */;
			compatibilityVersion = "Xcode 14.0";
			developmentRegion = en;
			hasScannedForEncodings = 0;
			knownRegions = (
				en,
				Base,
			);
			mainGroup = 2056864D2AEB24940020D729;
			productRefGroup = 205686572AEB24940020D729 /* Products */;
			projectDirPath = "";
			projectRoot = "";
			targets = (
				205686552AEB24940020D729 /* Reviewer */,
			);
		};
/* End PBXProject section */

/* Begin PBXResourcesBuildPhase section */
		205686542AEB24940020D729 /* Resources */ = {
			isa = PBXResourcesBuildPhase;
			buildActionMask = 2147483647;
			files = (
				205686662AEB24950020D729 /* LaunchScreen.storyboard in Resources */,
				205686632AEB24950020D729 /* Assets.xcassets in Resources */,
			);
			runOnlyForDeploymentPostprocessing = 0;
		};
/* End PBXResourcesBuildPhase section */

/* Begin PBXSourcesBuildPhase section */
		205686522AEB24940020D729 /* Sources */ = {
			isa = PBXSourcesBuildPhase;
			buildActionMask = 2147483647;
			files = (
				2056865E2AEB24940020D729 /* HomeViewController.swift in Sources */,
				2056865A2AEB24940020D729 /* AppDelegate.swift in Sources */,
				2056865C2AEB24940020D729 /* SceneDelegate.swift in Sources */,
			);
			runOnlyForDeploymentPostprocessing = 0;
		};
/* End PBXSourcesBuildPhase section */

/* Begin PBXVariantGroup section */
		205686642AEB24950020D729 /* LaunchScreen.storyboard */ = {
			isa = PBXVariantGroup;
			children = (
				205686652AEB24950020D729 /* Base */,
			);
			name = LaunchScreen.storyboard;
			sourceTree = "<group>";
		};
/* End PBXVariantGroup section */

/* Begin XCBuildConfiguration section */
		205686682AEB24950020D729 /* Debug */ = {
			isa = XCBuildConfiguration;
			buildSettings = {
				ALWAYS_SEARCH_USER_PATHS = NO;
				ASSETCATALOG_COMPILER_GENERATE_SWIFT_ASSET_SYMBOL_EXTENSIONS = YES;
				CLANG_ANALYZER_NONNULL = YES;
				CLANG_ANALYZER_NUMBER_OBJECT_CONVERSION = YES_AGGRESSIVE;
				CLANG_CXX_LANGUAGE_STANDARD = "gnu++20";
				CLANG_ENABLE_MODULES = YES;
				CLANG_ENABLE_OBJC_ARC = YES;
				CLANG_ENABLE_OBJC_WEAK = YES;
				CLANG_WARN_BLOCK_CAPTURE_AUTORELEASING = YES;
				CLANG_WARN_BOOL_CONVERSION = YES;
				CLANG_WARN_COMMA = YES;
				CLANG_WARN_CONSTANT_CONVERSION = YES;
				CLANG_WARN_DEPRECATED_OBJC_IMPLEMENTATIONS = YES;
				CLANG_WARN_DIRECT_OBJC_ISA_USAGE = YES_ERROR;
				CLANG_WARN_DOCUMENTATION_COMMENTS = YES;
				CLANG_WARN_EMPTY_BODY = YES;
				CLANG_WARN_ENUM_CONVERSION = YES;
				CLANG_WARN_INFINITE_RECURSION = YES;
				CLANG_WARN_INT_CONVERSION = YES;
				CLANG_WARN_NON_LITERAL_NULL_CONVERSION = YES;
				CLANG_WARN_OBJC_IMPLICIT_RETAIN_SELF = YES;
				CLANG_WARN_OBJC_LITERAL_CONVERSION = YES;
				CLANG_WARN_OBJC_ROOT_CLASS = YES_ERROR;
				CLANG_WARN_QUOTED_INCLUDE_IN_FRAMEWORK_HEADER = YES;
				CLANG_WARN_RANGE_LOOP_ANALYSIS = YES;
				CLANG_WARN_STRICT_PROTOTYPES = YES;
				CLANG_WARN_SUSPICIOUS_MOVE = YES;
				CLANG_WARN_UNGUARDED_AVAILABILITY = YES_AGGRESSIVE;
				CLANG_WARN_UNREACHABLE_CODE = YES;
				CLANG_WARN__DUPLICATE_METHOD_MATCH = YES;
				COPY_PHASE_STRIP = NO;
				DEBUG_INFORMATION_FORMAT = dwarf;
				ENABLE_STRICT_OBJC_MSGSEND = YES;
				ENABLE_TESTABILITY = YES;
				ENABLE_USER_SCRIPT_SANDBOXING = YES;
				GCC_C_LANGUAGE_STANDARD = gnu17;
				GCC_DYNAMIC_NO_PIC = NO;
				GCC_NO_COMMON_BLOCKS = YES;
				GCC_OPTIMIZATION_LEVEL = 0;
				GCC_PREPROCESSOR_DEFINITIONS = (
					"DEBUG=1",
					"$(inherited)",
				);
				GCC_WARN_64_TO_32_BIT_CONVERSION = YES;
				GCC_WARN_ABOUT_RETURN_TYPE = YES_ERROR;
				GCC_WARN_UNDECLARED_SELECTOR = YES;
				GCC_WARN_UNINITIALIZED_AUTOS = YES_AGGRESSIVE;
				GCC_WARN_UNUSED_FUNCTION = YES;
				GCC_WARN_UNUSED_VARIABLE = YES;
				IPHONEOS_DEPLOYMENT_TARGET = 17.0;
				LOCALIZATION_PREFERS_STRING_CATALOGS = YES;
				MTL_ENABLE_DEBUG_INFO = INCLUDE_SOURCE;
				MTL_FAST_MATH = YES;
				ONLY_ACTIVE_ARCH = YES;
				SDKROOT = iphoneos;
				SWIFT_ACTIVE_COMPILATION_CONDITIONS = "DEBUG $(inherited)";
				SWIFT_OPTIMIZATION_LEVEL = "-Onone";
			};
			name = Debug;
		};
		205686692AEB24950020D729 /* Release */ = {
			isa = XCBuildConfiguration;
			buildSettings = {
				ALWAYS_SEARCH_USER_PATHS = NO;
				ASSETCATALOG_COMPILER_GENERATE_SWIFT_ASSET_SYMBOL_EXTENSIONS = YES;
				CLANG_ANALYZER_NONNULL = YES;
				CLANG_ANALYZER_NUMBER_OBJECT_CONVERSION = YES_AGGRESSIVE;
				CLANG_CXX_LANGUAGE_STANDARD = "gnu++20";
				CLANG_ENABLE_MODULES = YES;
				CLANG_ENABLE_OBJC_ARC = YES;
				CLANG_ENABLE_OBJC_WEAK = YES;
				CLANG_WARN_BLOCK_CAPTURE_AUTORELEASING = YES;
				CLANG_WARN_BOOL_CONVERSION = YES;
				CLANG_WARN_COMMA = YES;
				CLANG_WARN_CONSTANT_CONVERSION = YES;
				CLANG_WARN_DEPRECATED_OBJC_IMPLEMENTATIONS = YES;
				CLANG_WARN_DIRECT_OBJC_ISA_USAGE = YES_ERROR;
				CLANG_WARN_DOCUMENTATION_COMMENTS = YES;
				CLANG_WARN_EMPTY_BODY = YES;
				CLANG_WARN_ENUM_CONVERSION = YES;
				CLANG_WARN_INFINITE_RECURSION = YES;
				CLANG_WARN_INT_CONVERSION = YES;
				CLANG_WARN_NON_LITERAL_NULL_CONVERSION = YES;
				CLANG_WARN_OBJC_IMPLICIT_RETAIN_SELF = YES;
				CLANG_WARN_OBJC_LITERAL_CONVERSION = YES;
				CLANG_WARN_OBJC_ROOT_CLASS = YES_ERROR;
				CLANG_WARN_QUOTED_INCLUDE_IN_FRAMEWORK_HEADER = YES;
				CLANG_WARN_RANGE_LOOP_ANALYSIS = YES;
				CLANG_WARN_STRICT_PROTOTYPES = YES;
				CLANG_WARN_SUSPICIOUS_MOVE = YES;
				CLANG_WARN_UNGUARDED_AVAILABILITY = YES_AGGRESSIVE;
				CLANG_WARN_UNREACHABLE_CODE = YES;
				CLANG_WARN__DUPLICATE_METHOD_MATCH = YES;
				COPY_PHASE_STRIP = NO;
				DEBUG_INFORMATION_FORMAT = "dwarf-with-dsym";
				ENABLE_NS_ASSERTIONS = NO;
				ENABLE_STRICT_OBJC_MSGSEND = YES;
				ENABLE_USER_SCRIPT_SANDBOXING = YES;
				GCC_C_LANGUAGE_STANDARD = gnu17;
				GCC_NO_COMMON_BLOCKS = YES;
				GCC_WARN_64_TO_32_BIT_CONVERSION = YES;
				GCC_WARN_ABOUT_RETURN_TYPE = YES_ERROR;
				GCC_WARN_UNDECLARED_SELECTOR = YES;
				GCC_WARN_UNINITIALIZED_AUTOS = YES_AGGRESSIVE;
				GCC_WARN_UNUSED_FUNCTION = YES;
				GCC_WARN_UNUSED_VARIABLE = YES;
				IPHONEOS_DEPLOYMENT_TARGET = 17.0;
				LOCALIZATION_PREFERS_STRING_CATALOGS = YES;
				MTL_ENABLE_DEBUG_INFO = NO;
				MTL_FAST_MATH = YES;
				SDKROOT = iphoneos;
				SWIFT_COMPILATION_MODE = wholemodule;
				VALIDATE_PRODUCT = YES;
			};
			name = Release;
		};
		2056866B2AEB24950020D729 /* Debug */ = {
			isa = XCBuildConfiguration;
			buildSettings = {
				ASSETCATALOG_COMPILER_APPICON_NAME = AppIcon;
				ASSETCATALOG_COMPILER_GLOBAL_ACCENT_COLOR_NAME = AccentColor;
				CODE_SIGN_STYLE = Automatic;
				CURRENT_PROJECT_VERSION = 1;
				GENERATE_INFOPLIST_FILE = YES;
				INFOPLIST_FILE = Reviewer/Info.plist;
				INFOPLIST_KEY_UIApplicationSupportsIndirectInputEvents = YES;
				INFOPLIST_KEY_UILaunchStoryboardName = LaunchScreen;
				INFOPLIST_KEY_UIMainStoryboardFile = "";
				INFOPLIST_KEY_UISupportedInterfaceOrientations = UIInterfaceOrientationPortrait;
				IPHONEOS_DEPLOYMENT_TARGET = 13.0;
				LD_RUNPATH_SEARCH_PATHS = (
					"$(inherited)",
					"@executable_path/Frameworks",
				);
				MARKETING_VERSION = 1.0;
				PRODUCT_BUNDLE_IDENTIFIER = parduh.Reviewer;
				PRODUCT_NAME = "$(TARGET_NAME)";
				SUPPORTED_PLATFORMS = "iphoneos iphonesimulator";
				SUPPORTS_MACCATALYST = NO;
				SUPPORTS_MAC_DESIGNED_FOR_IPHONE_IPAD = NO;
				SWIFT_EMIT_LOC_STRINGS = YES;
				SWIFT_VERSION = 5.0;
				TARGETED_DEVICE_FAMILY = 1;
			};
			name = Debug;
		};
		2056866C2AEB24950020D729 /* Release */ = {
			isa = XCBuildConfiguration;
			buildSettings = {
				ASSETCATALOG_COMPILER_APPICON_NAME = AppIcon;
				ASSETCATALOG_COMPILER_GLOBAL_ACCENT_COLOR_NAME = AccentColor;
				CODE_SIGN_STYLE = Automatic;
				CURRENT_PROJECT_VERSION = 1;
				GENERATE_INFOPLIST_FILE = YES;
				INFOPLIST_FILE = Reviewer/Info.plist;
				INFOPLIST_KEY_UIApplicationSupportsIndirectInputEvents = YES;
				INFOPLIST_KEY_UILaunchStoryboardName = LaunchScreen;
				INFOPLIST_KEY_UIMainStoryboardFile = "";
				INFOPLIST_KEY_UISupportedInterfaceOrientations = UIInterfaceOrientationPortrait;
				IPHONEOS_DEPLOYMENT_TARGET = 13.0;
				LD_RUNPATH_SEARCH_PATHS = (
					"$(inherited)",
					"@executable_path/Frameworks",
				);
				MARKETING_VERSION = 1.0;
				PRODUCT_BUNDLE_IDENTIFIER = parduh.Reviewer;
				PRODUCT_NAME = "$(TARGET_NAME)";
				SUPPORTED_PLATFORMS = "iphoneos iphonesimulator";
				SUPPORTS_MACCATALYST = NO;
				SUPPORTS_MAC_DESIGNED_FOR_IPHONE_IPAD = NO;
				SWIFT_EMIT_LOC_STRINGS = YES;
				SWIFT_VERSION = 5.0;
				TARGETED_DEVICE_FAMILY = 1;
			};
			name = Release;
		};
/* End XCBuildConfiguration section */

/* Begin XCConfigurationList section */
		205686512AEB24940020D729 /* Build configuration list for PBXProject "Reviewer" */ = {
			isa = XCConfigurationList;
			buildConfigurations = (
				205686682AEB24950020D729 /* Debug */,
				205686692AEB24950020D729 /* Release */,
			);
			defaultConfigurationIsVisible = 0;
			defaultConfigurationName = Release;
		};
		2056866A2AEB24950020D729 /* Build configuration list for PBXNativeTarget "Reviewer" */ = {
			isa = XCConfigurationList;
			buildConfigurations = (
				2056866B2AEB24950020D729 /* Debug */,
				2056866C2AEB24950020D729 /* Release */,
			);
			defaultConfigurationIsVisible = 0;
			defaultConfigurationName = Release;
		};
/* End XCConfigurationList section */
	};
	rootObject = 2056864E2AEB24940020D729 /* Project object */;
}
